
Microsoft Visual Studio Solution File, Format Version 12.00
# Visual Studio Version 16
VisualStudioVersion = 16.0.29324.140
MinimumVisualStudioVersion = 10.0.40219.1
Project("{2150E333-8FDC-42A3-9474-1A3956D46DE8}") = "Core", "Core", "{77E522A9-EAE9-4D91-B5AC-2A1CD520970D}"
EndProject
Project("{2150E333-8FDC-42A3-9474-1A3956D46DE8}") = "WindowsApp", "WindowsApp", "{E6D7375B-8A59-44D9-8245-42445CAD85CE}"
EndProject
Project("{2150E333-8FDC-42A3-9474-1A3956D46DE8}") = "Api", "Api", "{9BACD5F9-814E-468F-8700-08B6ADB03A8B}"
EndProject
Project("{9A19103F-16F7-4668-BE54-9A1E7A4F7556}") = "Nutrition.Api", "Nutrition.Api\Nutrition.Api.csproj", "{BF8103EC-1830-4802-B91E-E8B95E0DE81F}"
EndProject
Project("{9A19103F-16F7-4668-BE54-9A1E7A4F7556}") = "Nutrition.Api.ViewModels", "Nutrition.Api.ViewModels\Nutrition.Api.ViewModels.csproj", "{B4C91242-5183-4643-94FE-BC6FC582928D}"
EndProject
Project("{2150E333-8FDC-42A3-9474-1A3956D46DE8}") = "WebApp", "WebApp", "{492AEFD7-48B7-46FD-8C6B-E21CDD7238EB}"
EndProject
Project("{9A19103F-16F7-4668-BE54-9A1E7A4F7556}") = "Nutrition.Wpf", "Nutrition.Wpf\Nutrition.Wpf.csproj", "{9C703096-21C4-4684-84B3-4F8D3584B717}"
EndProject
Project("{9A19103F-16F7-4668-BE54-9A1E7A4F7556}") = "Nutrition.Wpf.ViewModels", "Nutrition.Wpf.ViewModels\Nutrition.Wpf.ViewModels.csproj", "{AF802EE4-ABD3-478C-B552-EDF1C9B2C4CD}"
EndProject
Project("{9A19103F-16F7-4668-BE54-9A1E7A4F7556}") = "Nutrition.Wpf.ViewModels.Contracts", "Nutrition.Wpf.ViewModels.Contracts\Nutrition.Wpf.ViewModels.Contracts.csproj", "{93F92DCA-1A2B-4761-8D3F-BD2251A8F117}"
EndProject
Project("{9A19103F-16F7-4668-BE54-9A1E7A4F7556}") = "Nutrition.Wpf.Views", "Nutrition.Wpf.Views\Nutrition.Wpf.Views.csproj", "{1D0856A4-A64B-4E58-8F8C-5EE9BE3FA9D0}"
EndProject
Project("{9A19103F-16F7-4668-BE54-9A1E7A4F7556}") = "Nutrition.Core.Dtos", "Nutrition.Core.Dtos\Nutrition.Core.Dtos.csproj", "{0D396999-B64A-4E26-9611-28F9E7CDCBE0}"
EndProject
Project("{9A19103F-16F7-4668-BE54-9A1E7A4F7556}") = "Nutrition.Core.Enums", "Nutrition.Core.Enums\Nutrition.Core.Enums.csproj", "{A5DFD270-647A-47D3-A72E-1DCAE9C49EC8}"
EndProject
Project("{9A19103F-16F7-4668-BE54-9A1E7A4F7556}") = "Nutrition.Core.Domain", "Nutrition.Core.Domain\Nutrition.Core.Domain.csproj", "{F9021CF3-6EA3-4A46-8538-BA976EAEA5CC}"
EndProject
Project("{9A19103F-16F7-4668-BE54-9A1E7A4F7556}") = "Nutrition.Core.Repositories", "Nutrition.Core.Repositories\Nutrition.Core.Repositories.csproj", "{C45B7C47-6BB0-4BCF-9495-778B16422799}"
EndProject
Project("{9A19103F-16F7-4668-BE54-9A1E7A4F7556}") = "Nutrition.Core.Repositories.Contracts", "Nutrition.Core.Repositories.Contracts\Nutrition.Core.Repositories.Contracts.csproj", "{4938C773-3DE0-4352-A11E-AF81E1126B28}"
EndProject
Project("{9A19103F-16F7-4668-BE54-9A1E7A4F7556}") = "Nutrition.Core.Services", "Nutrition.Core.Services\Nutrition.Core.Services.csproj", "{776526A8-7905-4364-BE22-5AB06145A939}"
EndProject
Project("{9A19103F-16F7-4668-BE54-9A1E7A4F7556}") = "Nutrition.Core.Services.Contracts", "Nutrition.Core.Services.Contracts\Nutrition.Core.Services.Contracts.csproj", "{3AB081A8-F1E3-4704-A38C-58D4B02820A6}"
EndProject
Project("{FAE04EC0-301F-11D3-BF4B-00C04F79EFBC}") = "Nutrition.Core.Repositories.EntityFramework", "Nutrition.Core.Repositories.EntityFramework\Nutrition.Core.Repositories.EntityFramework.csproj", "{CA6A21F4-662A-40B9-A6D4-E2C06525B33E}"
EndProject
Global
	GlobalSection(SolutionConfigurationPlatforms) = preSolution
		Debug|Any CPU = Debug|Any CPU
		Release|Any CPU = Release|Any CPU
	EndGlobalSection
	GlobalSection(ProjectConfigurationPlatforms) = postSolution
		{BF8103EC-1830-4802-B91E-E8B95E0DE81F}.Debug|Any CPU.ActiveCfg = Debug|Any CPU
		{BF8103EC-1830-4802-B91E-E8B95E0DE81F}.Debug|Any CPU.Build.0 = Debug|Any CPU
		{BF8103EC-1830-4802-B91E-E8B95E0DE81F}.Release|Any CPU.ActiveCfg = Release|Any CPU
		{BF8103EC-1830-4802-B91E-E8B95E0DE81F}.Release|Any CPU.Build.0 = Release|Any CPU
		{B4C91242-5183-4643-94FE-BC6FC582928D}.Debug|Any CPU.ActiveCfg = Debug|Any CPU
		{B4C91242-5183-4643-94FE-BC6FC582928D}.Debug|Any CPU.Build.0 = Debug|Any CPU
		{B4C91242-5183-4643-94FE-BC6FC582928D}.Release|Any CPU.ActiveCfg = Release|Any CPU
		{B4C91242-5183-4643-94FE-BC6FC582928D}.Release|Any CPU.Build.0 = Release|Any CPU
		{9C703096-21C4-4684-84B3-4F8D3584B717}.Debug|Any CPU.ActiveCfg = Debug|Any CPU
		{9C703096-21C4-4684-84B3-4F8D3584B717}.Debug|Any CPU.Build.0 = Debug|Any CPU
		{9C703096-21C4-4684-84B3-4F8D3584B717}.Release|Any CPU.ActiveCfg = Release|Any CPU
		{9C703096-21C4-4684-84B3-4F8D3584B717}.Release|Any CPU.Build.0 = Release|Any CPU
		{AF802EE4-ABD3-478C-B552-EDF1C9B2C4CD}.Debug|Any CPU.ActiveCfg = Debug|Any CPU
		{AF802EE4-ABD3-478C-B552-EDF1C9B2C4CD}.Debug|Any CPU.Build.0 = Debug|Any CPU
		{AF802EE4-ABD3-478C-B552-EDF1C9B2C4CD}.Release|Any CPU.ActiveCfg = Release|Any CPU
		{AF802EE4-ABD3-478C-B552-EDF1C9B2C4CD}.Release|Any CPU.Build.0 = Release|Any CPU
		{93F92DCA-1A2B-4761-8D3F-BD2251A8F117}.Debug|Any CPU.ActiveCfg = Debug|Any CPU
		{93F92DCA-1A2B-4761-8D3F-BD2251A8F117}.Debug|Any CPU.Build.0 = Debug|Any CPU
		{93F92DCA-1A2B-4761-8D3F-BD2251A8F117}.Release|Any CPU.ActiveCfg = Release|Any CPU
		{93F92DCA-1A2B-4761-8D3F-BD2251A8F117}.Release|Any CPU.Build.0 = Release|Any CPU
		{1D0856A4-A64B-4E58-8F8C-5EE9BE3FA9D0}.Debug|Any CPU.ActiveCfg = Debug|Any CPU
		{1D0856A4-A64B-4E58-8F8C-5EE9BE3FA9D0}.Debug|Any CPU.Build.0 = Debug|Any CPU
		{1D0856A4-A64B-4E58-8F8C-5EE9BE3FA9D0}.Release|Any CPU.ActiveCfg = Release|Any CPU
		{1D0856A4-A64B-4E58-8F8C-5EE9BE3FA9D0}.Release|Any CPU.Build.0 = Release|Any CPU
		{0D396999-B64A-4E26-9611-28F9E7CDCBE0}.Debug|Any CPU.ActiveCfg = Debug|Any CPU
		{0D396999-B64A-4E26-9611-28F9E7CDCBE0}.Debug|Any CPU.Build.0 = Debug|Any CPU
		{0D396999-B64A-4E26-9611-28F9E7CDCBE0}.Release|Any CPU.ActiveCfg = Release|Any CPU
		{0D396999-B64A-4E26-9611-28F9E7CDCBE0}.Release|Any CPU.Build.0 = Release|Any CPU
		{A5DFD270-647A-47D3-A72E-1DCAE9C49EC8}.Debug|Any CPU.ActiveCfg = Debug|Any CPU
		{A5DFD270-647A-47D3-A72E-1DCAE9C49EC8}.Debug|Any CPU.Build.0 = Debug|Any CPU
		{A5DFD270-647A-47D3-A72E-1DCAE9C49EC8}.Release|Any CPU.ActiveCfg = Release|Any CPU
		{A5DFD270-647A-47D3-A72E-1DCAE9C49EC8}.Release|Any CPU.Build.0 = Release|Any CPU
		{F9021CF3-6EA3-4A46-8538-BA976EAEA5CC}.Debug|Any CPU.ActiveCfg = Debug|Any CPU
		{F9021CF3-6EA3-4A46-8538-BA976EAEA5CC}.Debug|Any CPU.Build.0 = Debug|Any CPU
		{F9021CF3-6EA3-4A46-8538-BA976EAEA5CC}.Release|Any CPU.ActiveCfg = Release|Any CPU
		{F9021CF3-6EA3-4A46-8538-BA976EAEA5CC}.Release|Any CPU.Build.0 = Release|Any CPU
		{C45B7C47-6BB0-4BCF-9495-778B16422799}.Debug|Any CPU.ActiveCfg = Debug|Any CPU
		{C45B7C47-6BB0-4BCF-9495-778B16422799}.Debug|Any CPU.Build.0 = Debug|Any CPU
		{C45B7C47-6BB0-4BCF-9495-778B16422799}.Release|Any CPU.ActiveCfg = Release|Any CPU
		{C45B7C47-6BB0-4BCF-9495-778B16422799}.Release|Any CPU.Build.0 = Release|Any CPU
		{4938C773-3DE0-4352-A11E-AF81E1126B28}.Debug|Any CPU.ActiveCfg = Debug|Any CPU
		{4938C773-3DE0-4352-A11E-AF81E1126B28}.Debug|Any CPU.Build.0 = Debug|Any CPU
		{4938C773-3DE0-4352-A11E-AF81E1126B28}.Release|Any CPU.ActiveCfg = Release|Any CPU
		{4938C773-3DE0-4352-A11E-AF81E1126B28}.Release|Any CPU.Build.0 = Release|Any CPU
		{776526A8-7905-4364-BE22-5AB06145A939}.Debug|Any CPU.ActiveCfg = Debug|Any CPU
		{776526A8-7905-4364-BE22-5AB06145A939}.Debug|Any CPU.Build.0 = Debug|Any CPU
		{776526A8-7905-4364-BE22-5AB06145A939}.Release|Any CPU.ActiveCfg = Release|Any CPU
		{776526A8-7905-4364-BE22-5AB06145A939}.Release|Any CPU.Build.0 = Release|Any CPU
		{3AB081A8-F1E3-4704-A38C-58D4B02820A6}.Debug|Any CPU.ActiveCfg = Debug|Any CPU
		{3AB081A8-F1E3-4704-A38C-58D4B02820A6}.Debug|Any CPU.Build.0 = Debug|Any CPU
		{3AB081A8-F1E3-4704-A38C-58D4B02820A6}.Release|Any CPU.ActiveCfg = Release|Any CPU
		{3AB081A8-F1E3-4704-A38C-58D4B02820A6}.Release|Any CPU.Build.0 = Release|Any CPU
		{CA6A21F4-662A-40B9-A6D4-E2C06525B33E}.Debug|Any CPU.ActiveCfg = Debug|Any CPU
		{CA6A21F4-662A-40B9-A6D4-E2C06525B33E}.Debug|Any CPU.Build.0 = Debug|Any CPU
		{CA6A21F4-662A-40B9-A6D4-E2C06525B33E}.Release|Any CPU.ActiveCfg = Release|Any CPU
		{CA6A21F4-662A-40B9-A6D4-E2C06525B33E}.Release|Any CPU.Build.0 = Release|Any CPU
	EndGlobalSection
	GlobalSection(SolutionProperties) = preSolution
		HideSolutionNode = FALSE
	EndGlobalSection
	GlobalSection(NestedProjects) = preSolution
		{BF8103EC-1830-4802-B91E-E8B95E0DE81F} = {9BACD5F9-814E-468F-8700-08B6ADB03A8B}
		{B4C91242-5183-4643-94FE-BC6FC582928D} = {9BACD5F9-814E-468F-8700-08B6ADB03A8B}
		{9C703096-21C4-4684-84B3-4F8D3584B717} = {E6D7375B-8A59-44D9-8245-42445CAD85CE}
		{AF802EE4-ABD3-478C-B552-EDF1C9B2C4CD} = {E6D7375B-8A59-44D9-8245-42445CAD85CE}
		{93F92DCA-1A2B-4761-8D3F-BD2251A8F117} = {E6D7375B-8A59-44D9-8245-42445CAD85CE}
		{1D0856A4-A64B-4E58-8F8C-5EE9BE3FA9D0} = {E6D7375B-8A59-44D9-8245-42445CAD85CE}
		{0D396999-B64A-4E26-9611-28F9E7CDCBE0} = {77E522A9-EAE9-4D91-B5AC-2A1CD520970D}
		{A5DFD270-647A-47D3-A72E-1DCAE9C49EC8} = {77E522A9-EAE9-4D91-B5AC-2A1CD520970D}
		{F9021CF3-6EA3-4A46-8538-BA976EAEA5CC} = {77E522A9-EAE9-4D91-B5AC-2A1CD520970D}
		{C45B7C47-6BB0-4BCF-9495-778B16422799} = {77E522A9-EAE9-4D91-B5AC-2A1CD520970D}
		{4938C773-3DE0-4352-A11E-AF81E1126B28} = {77E522A9-EAE9-4D91-B5AC-2A1CD520970D}
		{776526A8-7905-4364-BE22-5AB06145A939} = {77E522A9-EAE9-4D91-B5AC-2A1CD520970D}
		{3AB081A8-F1E3-4704-A38C-58D4B02820A6} = {77E522A9-EAE9-4D91-B5AC-2A1CD520970D}
		{CA6A21F4-662A-40B9-A6D4-E2C06525B33E} = {77E522A9-EAE9-4D91-B5AC-2A1CD520970D}
	EndGlobalSection
	GlobalSection(ExtensibilityGlobals) = postSolution
		SolutionGuid = {4938BA26-1EA3-417F-B59F-752B8FF33133}
	EndGlobalSection
EndGlobal
